
Microsoft Visual Studio Solution File, Format Version 12.00
# Visual Studio Express 2012 for Windows Desktop
Project("{8BC9CEB8-8B4A-11D0-8D11-00A0C91BC942}") = "alacarte-importer", "alacarte\alacarte-importer.vcxproj", "{409859B6-035C-41D8-8361-4B14536539CA}"
EndProject
Project("{8BC9CEB8-8B4A-11D0-8D11-00A0C91BC942}") = "alacarte-server", "alacarte\alacarte-server.vcxproj", "{1EBD0C2A-6C82-4AA8-AFAF-A0531DCB97D7}"
	ProjectSection(ProjectDependencies) = postProject
		{58B2B53C-C4FF-47FD-817B-095E45B7F7D4} = {58B2B53C-C4FF-47FD-817B-095E45B7F7D4}
		{AFA856A0-2388-4673-9277-CE4061709569} = {AFA856A0-2388-4673-9277-CE4061709569}
		{83997EF6-02D6-4CDB-8B3C-DBCA3018CC72} = {83997EF6-02D6-4CDB-8B3C-DBCA3018CC72}
	EndProjectSection
EndProject
Project("{8BC9CEB8-8B4A-11D0-8D11-00A0C91BC942}") = "cairo", "cairo\cairo.vcxproj", "{17F86CCF-AC76-4B6E-B61C-C8E267DBFB1F}"
	ProjectSection(ProjectDependencies) = postProject
		{60F89955-91C6-3A36-8000-13C592FEC2DF} = {60F89955-91C6-3A36-8000-13C592FEC2DF}
		{D6973076-9317-4EF2-A0B8-B7A18AC0713E} = {D6973076-9317-4EF2-A0B8-B7A18AC0713E}
		{6E70F7C3-DEFB-4A7F-9A04-FCF995924C1C} = {6E70F7C3-DEFB-4A7F-9A04-FCF995924C1C}
	EndProjectSection
EndProject
Project("{8BC9CEB8-8B4A-11D0-8D11-00A0C91BC942}") = "log4cpp", "alacarte\log4cpp.vcxproj", "{AFA856A0-2388-4673-9277-CE4061709569}"
EndProject
Project("{8BC9CEB8-8B4A-11D0-8D11-00A0C91BC942}") = "pixman", "cairo\pixman.vcxproj", "{6E70F7C3-DEFB-4A7F-9A04-FCF995924C1C}"
EndProject
Project("{8BC9CEB8-8B4A-11D0-8D11-00A0C91BC942}") = "libpng", "cairo\libpng.vcxproj", "{D6973076-9317-4EF2-A0B8-B7A18AC0713E}"
	ProjectSection(ProjectDependencies) = postProject
		{60F89955-91C6-3A36-8000-13C592FEC2DF} = {60F89955-91C6-3A36-8000-13C592FEC2DF}
	EndProjectSection
EndProject
Project("{8BC9CEB8-8B4A-11D0-8D11-00A0C91BC942}") = "zlib", "cairo\zlib.vcxproj", "{60F89955-91C6-3A36-8000-13C592FEC2DF}"
EndProject
Project("{8BC9CEB8-8B4A-11D0-8D11-00A0C91BC942}") = "libsigc++", "alacarte\libsigc++2.vcxproj", "{83997EF6-02D6-4CDB-8B3C-DBCA3018CC72}"
EndProject
Project("{8BC9CEB8-8B4A-11D0-8D11-00A0C91BC942}") = "cairomm-1.0", "cairo\cairomm.vcxproj", "{58B2B53C-C4FF-47FD-817B-095E45B7F7D4}"
	ProjectSection(ProjectDependencies) = postProject
		{17F86CCF-AC76-4B6E-B61C-C8E267DBFB1F} = {17F86CCF-AC76-4B6E-B61C-C8E267DBFB1F}
		{83997EF6-02D6-4CDB-8B3C-DBCA3018CC72} = {83997EF6-02D6-4CDB-8B3C-DBCA3018CC72}
	EndProjectSection
EndProject
Global
	GlobalSection(SolutionConfigurationPlatforms) = preSolution
		Debug Library|Any CPU = Debug Library|Any CPU
		Debug Library|Mixed Platforms = Debug Library|Mixed Platforms
		Debug Library|Win32 = Debug Library|Win32
		Debug Library|x64 = Debug Library|x64
		Debug with Boost|Any CPU = Debug with Boost|Any CPU
		Debug with Boost|Mixed Platforms = Debug with Boost|Mixed Platforms
		Debug with Boost|Win32 = Debug with Boost|Win32
		Debug with Boost|x64 = Debug with Boost|x64
		Debug|Any CPU = Debug|Any CPU
		Debug|Mixed Platforms = Debug|Mixed Platforms
		Debug|Win32 = Debug|Win32
		Debug|x64 = Debug|x64
		Release Library|Any CPU = Release Library|Any CPU
		Release Library|Mixed Platforms = Release Library|Mixed Platforms
		Release Library|Win32 = Release Library|Win32
		Release Library|x64 = Release Library|x64
		Release with Boost|Any CPU = Release with Boost|Any CPU
		Release with Boost|Mixed Platforms = Release with Boost|Mixed Platforms
		Release with Boost|Win32 = Release with Boost|Win32
		Release with Boost|x64 = Release with Boost|x64
		Release|Any CPU = Release|Any CPU
		Release|Mixed Platforms = Release|Mixed Platforms
		Release|Win32 = Release|Win32
		Release|x64 = Release|x64
	EndGlobalSection
	GlobalSection(ProjectConfigurationPlatforms) = postSolution
		{409859B6-035C-41D8-8361-4B14536539CA}.Debug Library|Any CPU.ActiveCfg = Debug|Win32
		{409859B6-035C-41D8-8361-4B14536539CA}.Debug Library|Mixed Platforms.ActiveCfg = Debug|Win32
		{409859B6-035C-41D8-8361-4B14536539CA}.Debug Library|Mixed Platforms.Build.0 = Debug|Win32
		{409859B6-035C-41D8-8361-4B14536539CA}.Debug Library|Win32.ActiveCfg = Debug|Win32
		{409859B6-035C-41D8-8361-4B14536539CA}.Debug Library|Win32.Build.0 = Debug|Win32
		{409859B6-035C-41D8-8361-4B14536539CA}.Debug Library|x64.ActiveCfg = Debug|Win32
		{409859B6-035C-41D8-8361-4B14536539CA}.Debug with Boost|Any CPU.ActiveCfg = Debug|Win32
		{409859B6-035C-41D8-8361-4B14536539CA}.Debug with Boost|Mixed Platforms.ActiveCfg = Debug|Win32
		{409859B6-035C-41D8-8361-4B14536539CA}.Debug with Boost|Mixed Platforms.Build.0 = Debug|Win32
		{409859B6-035C-41D8-8361-4B14536539CA}.Debug with Boost|Win32.ActiveCfg = Debug|Win32
		{409859B6-035C-41D8-8361-4B14536539CA}.Debug with Boost|Win32.Build.0 = Debug|Win32
		{409859B6-035C-41D8-8361-4B14536539CA}.Debug with Boost|x64.ActiveCfg = Debug|Win32
		{409859B6-035C-41D8-8361-4B14536539CA}.Debug|Any CPU.ActiveCfg = Debug|Win32
		{409859B6-035C-41D8-8361-4B14536539CA}.Debug|Mixed Platforms.ActiveCfg = Debug|Win32
		{409859B6-035C-41D8-8361-4B14536539CA}.Debug|Mixed Platforms.Build.0 = Debug|Win32
		{409859B6-035C-41D8-8361-4B14536539CA}.Debug|Win32.ActiveCfg = Debug|Win32
		{409859B6-035C-41D8-8361-4B14536539CA}.Debug|Win32.Build.0 = Debug|Win32
		{409859B6-035C-41D8-8361-4B14536539CA}.Debug|x64.ActiveCfg = Debug|Win32
		{409859B6-035C-41D8-8361-4B14536539CA}.Release Library|Any CPU.ActiveCfg = Release|Win32
		{409859B6-035C-41D8-8361-4B14536539CA}.Release Library|Mixed Platforms.ActiveCfg = Release|Win32
		{409859B6-035C-41D8-8361-4B14536539CA}.Release Library|Mixed Platforms.Build.0 = Release|Win32
		{409859B6-035C-41D8-8361-4B14536539CA}.Release Library|Win32.ActiveCfg = Release|Win32
		{409859B6-035C-41D8-8361-4B14536539CA}.Release Library|Win32.Build.0 = Release|Win32
		{409859B6-035C-41D8-8361-4B14536539CA}.Release Library|x64.ActiveCfg = Release|Win32
		{409859B6-035C-41D8-8361-4B14536539CA}.Release with Boost|Any CPU.ActiveCfg = Release|Win32
		{409859B6-035C-41D8-8361-4B14536539CA}.Release with Boost|Mixed Platforms.ActiveCfg = Release|Win32
		{409859B6-035C-41D8-8361-4B14536539CA}.Release with Boost|Mixed Platforms.Build.0 = Release|Win32
		{409859B6-035C-41D8-8361-4B14536539CA}.Release with Boost|Win32.ActiveCfg = Release|Win32
		{409859B6-035C-41D8-8361-4B14536539CA}.Release with Boost|Win32.Build.0 = Release|Win32
		{409859B6-035C-41D8-8361-4B14536539CA}.Release with Boost|x64.ActiveCfg = Release|Win32
		{409859B6-035C-41D8-8361-4B14536539CA}.Release|Any CPU.ActiveCfg = Release|Win32
		{409859B6-035C-41D8-8361-4B14536539CA}.Release|Mixed Platforms.ActiveCfg = Release|Win32
		{409859B6-035C-41D8-8361-4B14536539CA}.Release|Mixed Platforms.Build.0 = Release|Win32
		{409859B6-035C-41D8-8361-4B14536539CA}.Release|Win32.ActiveCfg = Release|Win32
		{409859B6-035C-41D8-8361-4B14536539CA}.Release|Win32.Build.0 = Release|Win32
		{409859B6-035C-41D8-8361-4B14536539CA}.Release|x64.ActiveCfg = Release|Win32
		{1EBD0C2A-6C82-4AA8-AFAF-A0531DCB97D7}.Debug Library|Any CPU.ActiveCfg = Debug|Win32
		{1EBD0C2A-6C82-4AA8-AFAF-A0531DCB97D7}.Debug Library|Mixed Platforms.ActiveCfg = Debug|Win32
		{1EBD0C2A-6C82-4AA8-AFAF-A0531DCB97D7}.Debug Library|Mixed Platforms.Build.0 = Debug|Win32
		{1EBD0C2A-6C82-4AA8-AFAF-A0531DCB97D7}.Debug Library|Win32.ActiveCfg = Debug|Win32
		{1EBD0C2A-6C82-4AA8-AFAF-A0531DCB97D7}.Debug Library|Win32.Build.0 = Debug|Win32
		{1EBD0C2A-6C82-4AA8-AFAF-A0531DCB97D7}.Debug Library|x64.ActiveCfg = Debug|Win32
		{1EBD0C2A-6C82-4AA8-AFAF-A0531DCB97D7}.Debug with Boost|Any CPU.ActiveCfg = Debug|Win32
		{1EBD0C2A-6C82-4AA8-AFAF-A0531DCB97D7}.Debug with Boost|Mixed Platforms.ActiveCfg = Debug|Win32
		{1EBD0C2A-6C82-4AA8-AFAF-A0531DCB97D7}.Debug with Boost|Mixed Platforms.Build.0 = Debug|Win32
		{1EBD0C2A-6C82-4AA8-AFAF-A0531DCB97D7}.Debug with Boost|Win32.ActiveCfg = Debug|Win32
		{1EBD0C2A-6C82-4AA8-AFAF-A0531DCB97D7}.Debug with Boost|Win32.Build.0 = Debug|Win32
		{1EBD0C2A-6C82-4AA8-AFAF-A0531DCB97D7}.Debug with Boost|x64.ActiveCfg = Debug|Win32
		{1EBD0C2A-6C82-4AA8-AFAF-A0531DCB97D7}.Debug|Any CPU.ActiveCfg = Debug|Win32
		{1EBD0C2A-6C82-4AA8-AFAF-A0531DCB97D7}.Debug|Mixed Platforms.ActiveCfg = Debug|Win32
		{1EBD0C2A-6C82-4AA8-AFAF-A0531DCB97D7}.Debug|Mixed Platforms.Build.0 = Debug|Win32
		{1EBD0C2A-6C82-4AA8-AFAF-A0531DCB97D7}.Debug|Win32.ActiveCfg = Debug|Win32
		{1EBD0C2A-6C82-4AA8-AFAF-A0531DCB97D7}.Debug|Win32.Build.0 = Debug|Win32
		{1EBD0C2A-6C82-4AA8-AFAF-A0531DCB97D7}.Debug|x64.ActiveCfg = Debug|Win32
		{1EBD0C2A-6C82-4AA8-AFAF-A0531DCB97D7}.Release Library|Any CPU.ActiveCfg = Release|Win32
		{1EBD0C2A-6C82-4AA8-AFAF-A0531DCB97D7}.Release Library|Mixed Platforms.ActiveCfg = Release|Win32
		{1EBD0C2A-6C82-4AA8-AFAF-A0531DCB97D7}.Release Library|Mixed Platforms.Build.0 = Release|Win32
		{1EBD0C2A-6C82-4AA8-AFAF-A0531DCB97D7}.Release Library|Win32.ActiveCfg = Release|Win32
		{1EBD0C2A-6C82-4AA8-AFAF-A0531DCB97D7}.Release Library|Win32.Build.0 = Release|Win32
		{1EBD0C2A-6C82-4AA8-AFAF-A0531DCB97D7}.Release Library|x64.ActiveCfg = Release|Win32
		{1EBD0C2A-6C82-4AA8-AFAF-A0531DCB97D7}.Release with Boost|Any CPU.ActiveCfg = Release|Win32
		{1EBD0C2A-6C82-4AA8-AFAF-A0531DCB97D7}.Release with Boost|Mixed Platforms.ActiveCfg = Release|Win32
		{1EBD0C2A-6C82-4AA8-AFAF-A0531DCB97D7}.Release with Boost|Mixed Platforms.Build.0 = Release|Win32
		{1EBD0C2A-6C82-4AA8-AFAF-A0531DCB97D7}.Release with Boost|Win32.ActiveCfg = Release|Win32
		{1EBD0C2A-6C82-4AA8-AFAF-A0531DCB97D7}.Release with Boost|Win32.Build.0 = Release|Win32
		{1EBD0C2A-6C82-4AA8-AFAF-A0531DCB97D7}.Release with Boost|x64.ActiveCfg = Release|Win32
		{1EBD0C2A-6C82-4AA8-AFAF-A0531DCB97D7}.Release|Any CPU.ActiveCfg = Release|Win32
		{1EBD0C2A-6C82-4AA8-AFAF-A0531DCB97D7}.Release|Mixed Platforms.ActiveCfg = Release|Win32
		{1EBD0C2A-6C82-4AA8-AFAF-A0531DCB97D7}.Release|Mixed Platforms.Build.0 = Release|Win32
		{1EBD0C2A-6C82-4AA8-AFAF-A0531DCB97D7}.Release|Win32.ActiveCfg = Release|Win32
		{1EBD0C2A-6C82-4AA8-AFAF-A0531DCB97D7}.Release|Win32.Build.0 = Release|Win32
		{1EBD0C2A-6C82-4AA8-AFAF-A0531DCB97D7}.Release|x64.ActiveCfg = Release|Win32
		{17F86CCF-AC76-4B6E-B61C-C8E267DBFB1F}.Debug Library|Any CPU.ActiveCfg = Debug|Win32
		{17F86CCF-AC76-4B6E-B61C-C8E267DBFB1F}.Debug Library|Mixed Platforms.ActiveCfg = Debug|Win32
		{17F86CCF-AC76-4B6E-B61C-C8E267DBFB1F}.Debug Library|Mixed Platforms.Build.0 = Debug|Win32
		{17F86CCF-AC76-4B6E-B61C-C8E267DBFB1F}.Debug Library|Win32.ActiveCfg = Debug|Win32
		{17F86CCF-AC76-4B6E-B61C-C8E267DBFB1F}.Debug Library|Win32.Build.0 = Debug|Win32
		{17F86CCF-AC76-4B6E-B61C-C8E267DBFB1F}.Debug Library|x64.ActiveCfg = Debug|Win32
		{17F86CCF-AC76-4B6E-B61C-C8E267DBFB1F}.Debug with Boost|Any CPU.ActiveCfg = Debug|Win32
		{17F86CCF-AC76-4B6E-B61C-C8E267DBFB1F}.Debug with Boost|Mixed Platforms.ActiveCfg = Debug|Win32
		{17F86CCF-AC76-4B6E-B61C-C8E267DBFB1F}.Debug with Boost|Mixed Platforms.Build.0 = Debug|Win32
		{17F86CCF-AC76-4B6E-B61C-C8E267DBFB1F}.Debug with Boost|Win32.ActiveCfg = Debug|Win32
		{17F86CCF-AC76-4B6E-B61C-C8E267DBFB1F}.Debug with Boost|Win32.Build.0 = Debug|Win32
		{17F86CCF-AC76-4B6E-B61C-C8E267DBFB1F}.Debug with Boost|x64.ActiveCfg = Debug|Win32
		{17F86CCF-AC76-4B6E-B61C-C8E267DBFB1F}.Debug|Any CPU.ActiveCfg = Debug|Win32
		{17F86CCF-AC76-4B6E-B61C-C8E267DBFB1F}.Debug|Mixed Platforms.ActiveCfg = Debug|Win32
		{17F86CCF-AC76-4B6E-B61C-C8E267DBFB1F}.Debug|Mixed Platforms.Build.0 = Debug|Win32
		{17F86CCF-AC76-4B6E-B61C-C8E267DBFB1F}.Debug|Win32.ActiveCfg = Debug|Win32
		{17F86CCF-AC76-4B6E-B61C-C8E267DBFB1F}.Debug|Win32.Build.0 = Debug|Win32
		{17F86CCF-AC76-4B6E-B61C-C8E267DBFB1F}.Debug|x64.ActiveCfg = Debug|Win32
		{17F86CCF-AC76-4B6E-B61C-C8E267DBFB1F}.Release Library|Any CPU.ActiveCfg = Release|Win32
		{17F86CCF-AC76-4B6E-B61C-C8E267DBFB1F}.Release Library|Mixed Platforms.ActiveCfg = Release|Win32
		{17F86CCF-AC76-4B6E-B61C-C8E267DBFB1F}.Release Library|Mixed Platforms.Build.0 = Release|Win32
		{17F86CCF-AC76-4B6E-B61C-C8E267DBFB1F}.Release Library|Win32.ActiveCfg = Release|Win32
		{17F86CCF-AC76-4B6E-B61C-C8E267DBFB1F}.Release Library|Win32.Build.0 = Release|Win32
		{17F86CCF-AC76-4B6E-B61C-C8E267DBFB1F}.Release Library|x64.ActiveCfg = Release|Win32
		{17F86CCF-AC76-4B6E-B61C-C8E267DBFB1F}.Release with Boost|Any CPU.ActiveCfg = Release|Win32
		{17F86CCF-AC76-4B6E-B61C-C8E267DBFB1F}.Release with Boost|Mixed Platforms.ActiveCfg = Release|Win32
		{17F86CCF-AC76-4B6E-B61C-C8E267DBFB1F}.Release with Boost|Mixed Platforms.Build.0 = Release|Win32
		{17F86CCF-AC76-4B6E-B61C-C8E267DBFB1F}.Release with Boost|Win32.ActiveCfg = Release|Win32
		{17F86CCF-AC76-4B6E-B61C-C8E267DBFB1F}.Release with Boost|Win32.Build.0 = Release|Win32
		{17F86CCF-AC76-4B6E-B61C-C8E267DBFB1F}.Release with Boost|x64.ActiveCfg = Release|Win32
		{17F86CCF-AC76-4B6E-B61C-C8E267DBFB1F}.Release|Any CPU.ActiveCfg = Release|Win32
		{17F86CCF-AC76-4B6E-B61C-C8E267DBFB1F}.Release|Mixed Platforms.ActiveCfg = Release|Win32
		{17F86CCF-AC76-4B6E-B61C-C8E267DBFB1F}.Release|Mixed Platforms.Build.0 = Release|Win32
		{17F86CCF-AC76-4B6E-B61C-C8E267DBFB1F}.Release|Win32.ActiveCfg = Release|Win32
		{17F86CCF-AC76-4B6E-B61C-C8E267DBFB1F}.Release|Win32.Build.0 = Release|Win32
		{17F86CCF-AC76-4B6E-B61C-C8E267DBFB1F}.Release|x64.ActiveCfg = Release|Win32
		{AFA856A0-2388-4673-9277-CE4061709569}.Debug Library|Any CPU.ActiveCfg = Debug with Boost|Win32
		{AFA856A0-2388-4673-9277-CE4061709569}.Debug Library|Mixed Platforms.ActiveCfg = Debug with Boost|Win32
		{AFA856A0-2388-4673-9277-CE4061709569}.Debug Library|Mixed Platforms.Build.0 = Debug with Boost|Win32
		{AFA856A0-2388-4673-9277-CE4061709569}.Debug Library|Win32.ActiveCfg = Debug with Boost|Win32
		{AFA856A0-2388-4673-9277-CE4061709569}.Debug Library|Win32.Build.0 = Debug with Boost|Win32
		{AFA856A0-2388-4673-9277-CE4061709569}.Debug Library|x64.ActiveCfg = Debug with Boost|Win32
		{AFA856A0-2388-4673-9277-CE4061709569}.Debug with Boost|Any CPU.ActiveCfg = Debug with Boost|Win32
		{AFA856A0-2388-4673-9277-CE4061709569}.Debug with Boost|Mixed Platforms.ActiveCfg = Debug with Boost|Win32
		{AFA856A0-2388-4673-9277-CE4061709569}.Debug with Boost|Mixed Platforms.Build.0 = Debug with Boost|Win32
		{AFA856A0-2388-4673-9277-CE4061709569}.Debug with Boost|Win32.ActiveCfg = Debug with Boost|Win32
		{AFA856A0-2388-4673-9277-CE4061709569}.Debug with Boost|Win32.Build.0 = Debug with Boost|Win32
		{AFA856A0-2388-4673-9277-CE4061709569}.Debug with Boost|x64.ActiveCfg = Debug with Boost|Win32
		{AFA856A0-2388-4673-9277-CE4061709569}.Debug|Any CPU.ActiveCfg = Debug|Win32
		{AFA856A0-2388-4673-9277-CE4061709569}.Debug|Mixed Platforms.ActiveCfg = Debug|Win32
		{AFA856A0-2388-4673-9277-CE4061709569}.Debug|Mixed Platforms.Build.0 = Debug|Win32
		{AFA856A0-2388-4673-9277-CE4061709569}.Debug|Win32.ActiveCfg = Debug|Win32
		{AFA856A0-2388-4673-9277-CE4061709569}.Debug|Win32.Build.0 = Debug|Win32
		{AFA856A0-2388-4673-9277-CE4061709569}.Debug|x64.ActiveCfg = Debug|Win32
		{AFA856A0-2388-4673-9277-CE4061709569}.Release Library|Any CPU.ActiveCfg = Release with Boost|Win32
		{AFA856A0-2388-4673-9277-CE4061709569}.Release Library|Mixed Platforms.ActiveCfg = Release with Boost|Win32
		{AFA856A0-2388-4673-9277-CE4061709569}.Release Library|Mixed Platforms.Build.0 = Release with Boost|Win32
		{AFA856A0-2388-4673-9277-CE4061709569}.Release Library|Win32.ActiveCfg = Release with Boost|Win32
		{AFA856A0-2388-4673-9277-CE4061709569}.Release Library|Win32.Build.0 = Release with Boost|Win32
		{AFA856A0-2388-4673-9277-CE4061709569}.Release Library|x64.ActiveCfg = Release with Boost|Win32
		{AFA856A0-2388-4673-9277-CE4061709569}.Release with Boost|Any CPU.ActiveCfg = Release with Boost|Win32
		{AFA856A0-2388-4673-9277-CE4061709569}.Release with Boost|Mixed Platforms.ActiveCfg = Release with Boost|Win32
		{AFA856A0-2388-4673-9277-CE4061709569}.Release with Boost|Mixed Platforms.Build.0 = Release with Boost|Win32
		{AFA856A0-2388-4673-9277-CE4061709569}.Release with Boost|Win32.ActiveCfg = Release with Boost|Win32
		{AFA856A0-2388-4673-9277-CE4061709569}.Release with Boost|Win32.Build.0 = Release with Boost|Win32
		{AFA856A0-2388-4673-9277-CE4061709569}.Release with Boost|x64.ActiveCfg = Release with Boost|Win32
		{AFA856A0-2388-4673-9277-CE4061709569}.Release|Any CPU.ActiveCfg = Release|Win32
		{AFA856A0-2388-4673-9277-CE4061709569}.Release|Mixed Platforms.ActiveCfg = Release|Win32
		{AFA856A0-2388-4673-9277-CE4061709569}.Release|Mixed Platforms.Build.0 = Release|Win32
		{AFA856A0-2388-4673-9277-CE4061709569}.Release|Win32.ActiveCfg = Release|Win32
		{AFA856A0-2388-4673-9277-CE4061709569}.Release|Win32.Build.0 = Release|Win32
		{AFA856A0-2388-4673-9277-CE4061709569}.Release|x64.ActiveCfg = Release|Win32
		{6E70F7C3-DEFB-4A7F-9A04-FCF995924C1C}.Debug Library|Any CPU.ActiveCfg = Debug|Win32
		{6E70F7C3-DEFB-4A7F-9A04-FCF995924C1C}.Debug Library|Mixed Platforms.ActiveCfg = Debug|Win32
		{6E70F7C3-DEFB-4A7F-9A04-FCF995924C1C}.Debug Library|Mixed Platforms.Build.0 = Debug|Win32
		{6E70F7C3-DEFB-4A7F-9A04-FCF995924C1C}.Debug Library|Win32.ActiveCfg = Debug|Win32
		{6E70F7C3-DEFB-4A7F-9A04-FCF995924C1C}.Debug Library|Win32.Build.0 = Debug|Win32
		{6E70F7C3-DEFB-4A7F-9A04-FCF995924C1C}.Debug Library|x64.ActiveCfg = Debug|Win32
		{6E70F7C3-DEFB-4A7F-9A04-FCF995924C1C}.Debug with Boost|Any CPU.ActiveCfg = Debug|Win32
		{6E70F7C3-DEFB-4A7F-9A04-FCF995924C1C}.Debug with Boost|Mixed Platforms.ActiveCfg = Debug|Win32
		{6E70F7C3-DEFB-4A7F-9A04-FCF995924C1C}.Debug with Boost|Mixed Platforms.Build.0 = Debug|Win32
		{6E70F7C3-DEFB-4A7F-9A04-FCF995924C1C}.Debug with Boost|Win32.ActiveCfg = Debug|Win32
		{6E70F7C3-DEFB-4A7F-9A04-FCF995924C1C}.Debug with Boost|Win32.Build.0 = Debug|Win32
		{6E70F7C3-DEFB-4A7F-9A04-FCF995924C1C}.Debug with Boost|x64.ActiveCfg = Debug|Win32
		{6E70F7C3-DEFB-4A7F-9A04-FCF995924C1C}.Debug|Any CPU.ActiveCfg = Debug|Win32
		{6E70F7C3-DEFB-4A7F-9A04-FCF995924C1C}.Debug|Mixed Platforms.ActiveCfg = Debug|Win32
		{6E70F7C3-DEFB-4A7F-9A04-FCF995924C1C}.Debug|Mixed Platforms.Build.0 = Debug|Win32
		{6E70F7C3-DEFB-4A7F-9A04-FCF995924C1C}.Debug|Win32.ActiveCfg = Debug|Win32
		{6E70F7C3-DEFB-4A7F-9A04-FCF995924C1C}.Debug|Win32.Build.0 = Debug|Win32
		{6E70F7C3-DEFB-4A7F-9A04-FCF995924C1C}.Debug|x64.ActiveCfg = Debug|Win32
		{6E70F7C3-DEFB-4A7F-9A04-FCF995924C1C}.Release Library|Any CPU.ActiveCfg = Release|Win32
		{6E70F7C3-DEFB-4A7F-9A04-FCF995924C1C}.Release Library|Mixed Platforms.ActiveCfg = Release|Win32
		{6E70F7C3-DEFB-4A7F-9A04-FCF995924C1C}.Release Library|Mixed Platforms.Build.0 = Release|Win32
		{6E70F7C3-DEFB-4A7F-9A04-FCF995924C1C}.Release Library|Win32.ActiveCfg = Release|Win32
		{6E70F7C3-DEFB-4A7F-9A04-FCF995924C1C}.Release Library|Win32.Build.0 = Release|Win32
		{6E70F7C3-DEFB-4A7F-9A04-FCF995924C1C}.Release Library|x64.ActiveCfg = Release|Win32
		{6E70F7C3-DEFB-4A7F-9A04-FCF995924C1C}.Release with Boost|Any CPU.ActiveCfg = Release|Win32
		{6E70F7C3-DEFB-4A7F-9A04-FCF995924C1C}.Release with Boost|Mixed Platforms.ActiveCfg = Release|Win32
		{6E70F7C3-DEFB-4A7F-9A04-FCF995924C1C}.Release with Boost|Mixed Platforms.Build.0 = Release|Win32
		{6E70F7C3-DEFB-4A7F-9A04-FCF995924C1C}.Release with Boost|Win32.ActiveCfg = Release|Win32
		{6E70F7C3-DEFB-4A7F-9A04-FCF995924C1C}.Release with Boost|Win32.Build.0 = Release|Win32
		{6E70F7C3-DEFB-4A7F-9A04-FCF995924C1C}.Release with Boost|x64.ActiveCfg = Release|Win32
		{6E70F7C3-DEFB-4A7F-9A04-FCF995924C1C}.Release|Any CPU.ActiveCfg = Release|Win32
		{6E70F7C3-DEFB-4A7F-9A04-FCF995924C1C}.Release|Mixed Platforms.ActiveCfg = Release|Win32
		{6E70F7C3-DEFB-4A7F-9A04-FCF995924C1C}.Release|Mixed Platforms.Build.0 = Release|Win32
		{6E70F7C3-DEFB-4A7F-9A04-FCF995924C1C}.Release|Win32.ActiveCfg = Release|Win32
		{6E70F7C3-DEFB-4A7F-9A04-FCF995924C1C}.Release|Win32.Build.0 = Release|Win32
		{6E70F7C3-DEFB-4A7F-9A04-FCF995924C1C}.Release|x64.ActiveCfg = Release|Win32
		{D6973076-9317-4EF2-A0B8-B7A18AC0713E}.Debug Library|Any CPU.ActiveCfg = Debug Library|Win32
		{D6973076-9317-4EF2-A0B8-B7A18AC0713E}.Debug Library|Mixed Platforms.ActiveCfg = Debug Library|Win32
		{D6973076-9317-4EF2-A0B8-B7A18AC0713E}.Debug Library|Mixed Platforms.Build.0 = Debug Library|Win32
		{D6973076-9317-4EF2-A0B8-B7A18AC0713E}.Debug Library|Win32.ActiveCfg = Debug Library|Win32
		{D6973076-9317-4EF2-A0B8-B7A18AC0713E}.Debug Library|Win32.Build.0 = Debug Library|Win32
		{D6973076-9317-4EF2-A0B8-B7A18AC0713E}.Debug Library|x64.ActiveCfg = Debug Library|Win32
		{D6973076-9317-4EF2-A0B8-B7A18AC0713E}.Debug with Boost|Any CPU.ActiveCfg = Debug Library|Win32
		{D6973076-9317-4EF2-A0B8-B7A18AC0713E}.Debug with Boost|Mixed Platforms.ActiveCfg = Debug Library|Win32
		{D6973076-9317-4EF2-A0B8-B7A18AC0713E}.Debug with Boost|Mixed Platforms.Build.0 = Debug Library|Win32
		{D6973076-9317-4EF2-A0B8-B7A18AC0713E}.Debug with Boost|Win32.ActiveCfg = Debug Library|Win32
		{D6973076-9317-4EF2-A0B8-B7A18AC0713E}.Debug with Boost|Win32.Build.0 = Debug Library|Win32
		{D6973076-9317-4EF2-A0B8-B7A18AC0713E}.Debug with Boost|x64.ActiveCfg = Debug Library|Win32
		{D6973076-9317-4EF2-A0B8-B7A18AC0713E}.Debug|Any CPU.ActiveCfg = Debug|Win32
		{D6973076-9317-4EF2-A0B8-B7A18AC0713E}.Debug|Mixed Platforms.ActiveCfg = Debug|Win32
		{D6973076-9317-4EF2-A0B8-B7A18AC0713E}.Debug|Mixed Platforms.Build.0 = Debug|Win32
		{D6973076-9317-4EF2-A0B8-B7A18AC0713E}.Debug|Win32.ActiveCfg = Debug|Win32
		{D6973076-9317-4EF2-A0B8-B7A18AC0713E}.Debug|Win32.Build.0 = Debug|Win32
		{D6973076-9317-4EF2-A0B8-B7A18AC0713E}.Debug|x64.ActiveCfg = Debug|Win32
		{D6973076-9317-4EF2-A0B8-B7A18AC0713E}.Release Library|Any CPU.ActiveCfg = Release Library|Win32
		{D6973076-9317-4EF2-A0B8-B7A18AC0713E}.Release Library|Mixed Platforms.ActiveCfg = Release Library|Win32
		{D6973076-9317-4EF2-A0B8-B7A18AC0713E}.Release Library|Mixed Platforms.Build.0 = Release Library|Win32
		{D6973076-9317-4EF2-A0B8-B7A18AC0713E}.Release Library|Win32.ActiveCfg = Release Library|Win32
		{D6973076-9317-4EF2-A0B8-B7A18AC0713E}.Release Library|Win32.Build.0 = Release Library|Win32
		{D6973076-9317-4EF2-A0B8-B7A18AC0713E}.Release Library|x64.ActiveCfg = Release Library|Win32
		{D6973076-9317-4EF2-A0B8-B7A18AC0713E}.Release with Boost|Any CPU.ActiveCfg = Release Library|Win32
		{D6973076-9317-4EF2-A0B8-B7A18AC0713E}.Release with Boost|Mixed Platforms.ActiveCfg = Release Library|Win32
		{D6973076-9317-4EF2-A0B8-B7A18AC0713E}.Release with Boost|Mixed Platforms.Build.0 = Release Library|Win32
		{D6973076-9317-4EF2-A0B8-B7A18AC0713E}.Release with Boost|Win32.ActiveCfg = Release Library|Win32
		{D6973076-9317-4EF2-A0B8-B7A18AC0713E}.Release with Boost|Win32.Build.0 = Release Library|Win32
		{D6973076-9317-4EF2-A0B8-B7A18AC0713E}.Release with Boost|x64.ActiveCfg = Release Library|Win32
		{D6973076-9317-4EF2-A0B8-B7A18AC0713E}.Release|Any CPU.ActiveCfg = Release|Win32
		{D6973076-9317-4EF2-A0B8-B7A18AC0713E}.Release|Mixed Platforms.ActiveCfg = Release|Win32
		{D6973076-9317-4EF2-A0B8-B7A18AC0713E}.Release|Mixed Platforms.Build.0 = Release|Win32
		{D6973076-9317-4EF2-A0B8-B7A18AC0713E}.Release|Win32.ActiveCfg = Release|Win32
		{D6973076-9317-4EF2-A0B8-B7A18AC0713E}.Release|Win32.Build.0 = Release|Win32
		{D6973076-9317-4EF2-A0B8-B7A18AC0713E}.Release|x64.ActiveCfg = Release|Win32
		{60F89955-91C6-3A36-8000-13C592FEC2DF}.Debug Library|Any CPU.ActiveCfg = Debug Library|Win32
		{60F89955-91C6-3A36-8000-13C592FEC2DF}.Debug Library|Mixed Platforms.ActiveCfg = Debug Library|Win32
		{60F89955-91C6-3A36-8000-13C592FEC2DF}.Debug Library|Mixed Platforms.Build.0 = Debug Library|Win32
		{60F89955-91C6-3A36-8000-13C592FEC2DF}.Debug Library|Win32.ActiveCfg = Debug Library|Win32
		{60F89955-91C6-3A36-8000-13C592FEC2DF}.Debug Library|Win32.Build.0 = Debug Library|Win32
		{60F89955-91C6-3A36-8000-13C592FEC2DF}.Debug Library|x64.ActiveCfg = Debug Library|Win32
		{60F89955-91C6-3A36-8000-13C592FEC2DF}.Debug with Boost|Any CPU.ActiveCfg = Debug Library|Win32
		{60F89955-91C6-3A36-8000-13C592FEC2DF}.Debug with Boost|Mixed Platforms.ActiveCfg = Debug Library|Win32
		{60F89955-91C6-3A36-8000-13C592FEC2DF}.Debug with Boost|Mixed Platforms.Build.0 = Debug Library|Win32
		{60F89955-91C6-3A36-8000-13C592FEC2DF}.Debug with Boost|Win32.ActiveCfg = Debug Library|Win32
		{60F89955-91C6-3A36-8000-13C592FEC2DF}.Debug with Boost|Win32.Build.0 = Debug Library|Win32
		{60F89955-91C6-3A36-8000-13C592FEC2DF}.Debug with Boost|x64.ActiveCfg = Debug Library|Win32
		{60F89955-91C6-3A36-8000-13C592FEC2DF}.Debug|Any CPU.ActiveCfg = Debug|Win32
		{60F89955-91C6-3A36-8000-13C592FEC2DF}.Debug|Mixed Platforms.ActiveCfg = Debug|Win32
		{60F89955-91C6-3A36-8000-13C592FEC2DF}.Debug|Mixed Platforms.Build.0 = Debug|Win32
		{60F89955-91C6-3A36-8000-13C592FEC2DF}.Debug|Win32.ActiveCfg = Debug|Win32
		{60F89955-91C6-3A36-8000-13C592FEC2DF}.Debug|Win32.Build.0 = Debug|Win32
		{60F89955-91C6-3A36-8000-13C592FEC2DF}.Debug|x64.ActiveCfg = Debug|Win32
		{60F89955-91C6-3A36-8000-13C592FEC2DF}.Release Library|Any CPU.ActiveCfg = Release Library|Win32
		{60F89955-91C6-3A36-8000-13C592FEC2DF}.Release Library|Mixed Platforms.ActiveCfg = Release Library|Win32
		{60F89955-91C6-3A36-8000-13C592FEC2DF}.Release Library|Mixed Platforms.Build.0 = Release Library|Win32
		{60F89955-91C6-3A36-8000-13C592FEC2DF}.Release Library|Win32.ActiveCfg = Release Library|Win32
		{60F89955-91C6-3A36-8000-13C592FEC2DF}.Release Library|Win32.Build.0 = Release Library|Win32
		{60F89955-91C6-3A36-8000-13C592FEC2DF}.Release Library|x64.ActiveCfg = Release Library|Win32
		{60F89955-91C6-3A36-8000-13C592FEC2DF}.Release with Boost|Any CPU.ActiveCfg = Release Library|Win32
		{60F89955-91C6-3A36-8000-13C592FEC2DF}.Release with Boost|Mixed Platforms.ActiveCfg = Release Library|Win32
		{60F89955-91C6-3A36-8000-13C592FEC2DF}.Release with Boost|Mixed Platforms.Build.0 = Release Library|Win32
		{60F89955-91C6-3A36-8000-13C592FEC2DF}.Release with Boost|Win32.ActiveCfg = Release Library|Win32
		{60F89955-91C6-3A36-8000-13C592FEC2DF}.Release with Boost|Win32.Build.0 = Release Library|Win32
		{60F89955-91C6-3A36-8000-13C592FEC2DF}.Release with Boost|x64.ActiveCfg = Release Library|Win32
		{60F89955-91C6-3A36-8000-13C592FEC2DF}.Release|Any CPU.ActiveCfg = Release|Win32
		{60F89955-91C6-3A36-8000-13C592FEC2DF}.Release|Mixed Platforms.ActiveCfg = Release|Win32
		{60F89955-91C6-3A36-8000-13C592FEC2DF}.Release|Mixed Platforms.Build.0 = Release|Win32
		{60F89955-91C6-3A36-8000-13C592FEC2DF}.Release|Win32.ActiveCfg = Release|Win32
		{60F89955-91C6-3A36-8000-13C592FEC2DF}.Release|Win32.Build.0 = Release|Win32
		{60F89955-91C6-3A36-8000-13C592FEC2DF}.Release|x64.ActiveCfg = Release|Win32
		{83997EF6-02D6-4CDB-8B3C-DBCA3018CC72}.Debug Library|Any CPU.ActiveCfg = Debug|Win32
		{83997EF6-02D6-4CDB-8B3C-DBCA3018CC72}.Debug Library|Mixed Platforms.ActiveCfg = Debug|Win32
		{83997EF6-02D6-4CDB-8B3C-DBCA3018CC72}.Debug Library|Mixed Platforms.Build.0 = Debug|Win32
		{83997EF6-02D6-4CDB-8B3C-DBCA3018CC72}.Debug Library|Win32.ActiveCfg = Debug|Win32
		{83997EF6-02D6-4CDB-8B3C-DBCA3018CC72}.Debug Library|Win32.Build.0 = Debug|Win32
		{83997EF6-02D6-4CDB-8B3C-DBCA3018CC72}.Debug Library|x64.ActiveCfg = Debug|x64
		{83997EF6-02D6-4CDB-8B3C-DBCA3018CC72}.Debug Library|x64.Build.0 = Debug|x64
		{83997EF6-02D6-4CDB-8B3C-DBCA3018CC72}.Debug with Boost|Any CPU.ActiveCfg = Debug|Win32
		{83997EF6-02D6-4CDB-8B3C-DBCA3018CC72}.Debug with Boost|Mixed Platforms.ActiveCfg = Debug|Win32
		{83997EF6-02D6-4CDB-8B3C-DBCA3018CC72}.Debug with Boost|Mixed Platforms.Build.0 = Debug|Win32
		{83997EF6-02D6-4CDB-8B3C-DBCA3018CC72}.Debug with Boost|Win32.ActiveCfg = Debug|Win32
		{83997EF6-02D6-4CDB-8B3C-DBCA3018CC72}.Debug with Boost|Win32.Build.0 = Debug|Win32
		{83997EF6-02D6-4CDB-8B3C-DBCA3018CC72}.Debug with Boost|x64.ActiveCfg = Debug|x64
		{83997EF6-02D6-4CDB-8B3C-DBCA3018CC72}.Debug with Boost|x64.Build.0 = Debug|x64
		{83997EF6-02D6-4CDB-8B3C-DBCA3018CC72}.Debug|Any CPU.ActiveCfg = Debug|Win32
		{83997EF6-02D6-4CDB-8B3C-DBCA3018CC72}.Debug|Mixed Platforms.ActiveCfg = Debug|Win32
		{83997EF6-02D6-4CDB-8B3C-DBCA3018CC72}.Debug|Mixed Platforms.Build.0 = Debug|Win32
		{83997EF6-02D6-4CDB-8B3C-DBCA3018CC72}.Debug|Win32.ActiveCfg = Debug|Win32
		{83997EF6-02D6-4CDB-8B3C-DBCA3018CC72}.Debug|Win32.Build.0 = Debug|Win32
		{83997EF6-02D6-4CDB-8B3C-DBCA3018CC72}.Debug|x64.ActiveCfg = Debug|x64
		{83997EF6-02D6-4CDB-8B3C-DBCA3018CC72}.Debug|x64.Build.0 = Debug|x64
		{83997EF6-02D6-4CDB-8B3C-DBCA3018CC72}.Release Library|Any CPU.ActiveCfg = Release|Win32
		{83997EF6-02D6-4CDB-8B3C-DBCA3018CC72}.Release Library|Mixed Platforms.ActiveCfg = Release|Win32
		{83997EF6-02D6-4CDB-8B3C-DBCA3018CC72}.Release Library|Mixed Platforms.Build.0 = Release|Win32
		{83997EF6-02D6-4CDB-8B3C-DBCA3018CC72}.Release Library|Win32.ActiveCfg = Release|Win32
		{83997EF6-02D6-4CDB-8B3C-DBCA3018CC72}.Release Library|Win32.Build.0 = Release|Win32
		{83997EF6-02D6-4CDB-8B3C-DBCA3018CC72}.Release Library|x64.ActiveCfg = Release|x64
		{83997EF6-02D6-4CDB-8B3C-DBCA3018CC72}.Release Library|x64.Build.0 = Release|x64
		{83997EF6-02D6-4CDB-8B3C-DBCA3018CC72}.Release with Boost|Any CPU.ActiveCfg = Release|Win32
		{83997EF6-02D6-4CDB-8B3C-DBCA3018CC72}.Release with Boost|Mixed Platforms.ActiveCfg = Release|Win32
		{83997EF6-02D6-4CDB-8B3C-DBCA3018CC72}.Release with Boost|Mixed Platforms.Build.0 = Release|Win32
		{83997EF6-02D6-4CDB-8B3C-DBCA3018CC72}.Release with Boost|Win32.ActiveCfg = Release|Win32
		{83997EF6-02D6-4CDB-8B3C-DBCA3018CC72}.Release with Boost|Win32.Build.0 = Release|Win32
		{83997EF6-02D6-4CDB-8B3C-DBCA3018CC72}.Release with Boost|x64.ActiveCfg = Release|x64
		{83997EF6-02D6-4CDB-8B3C-DBCA3018CC72}.Release with Boost|x64.Build.0 = Release|x64
		{83997EF6-02D6-4CDB-8B3C-DBCA3018CC72}.Release|Any CPU.ActiveCfg = Release|Win32
		{83997EF6-02D6-4CDB-8B3C-DBCA3018CC72}.Release|Mixed Platforms.ActiveCfg = Release|Win32
		{83997EF6-02D6-4CDB-8B3C-DBCA3018CC72}.Release|Mixed Platforms.Build.0 = Release|Win32
		{83997EF6-02D6-4CDB-8B3C-DBCA3018CC72}.Release|Win32.ActiveCfg = Release|Win32
		{83997EF6-02D6-4CDB-8B3C-DBCA3018CC72}.Release|Win32.Build.0 = Release|Win32
		{83997EF6-02D6-4CDB-8B3C-DBCA3018CC72}.Release|x64.ActiveCfg = Release|x64
		{83997EF6-02D6-4CDB-8B3C-DBCA3018CC72}.Release|x64.Build.0 = Release|x64
		{58B2B53C-C4FF-47FD-817B-095E45B7F7D4}.Debug Library|Any CPU.ActiveCfg = Debug|Win32
		{58B2B53C-C4FF-47FD-817B-095E45B7F7D4}.Debug Library|Mixed Platforms.ActiveCfg = Debug|Win32
		{58B2B53C-C4FF-47FD-817B-095E45B7F7D4}.Debug Library|Mixed Platforms.Build.0 = Debug|Win32
		{58B2B53C-C4FF-47FD-817B-095E45B7F7D4}.Debug Library|Win32.ActiveCfg = Debug|Win32
		{58B2B53C-C4FF-47FD-817B-095E45B7F7D4}.Debug Library|Win32.Build.0 = Debug|Win32
		{58B2B53C-C4FF-47FD-817B-095E45B7F7D4}.Debug Library|x64.ActiveCfg = Debug|x64
		{58B2B53C-C4FF-47FD-817B-095E45B7F7D4}.Debug Library|x64.Build.0 = Debug|x64
		{58B2B53C-C4FF-47FD-817B-095E45B7F7D4}.Debug with Boost|Any CPU.ActiveCfg = Debug|Win32
		{58B2B53C-C4FF-47FD-817B-095E45B7F7D4}.Debug with Boost|Mixed Platforms.ActiveCfg = Debug|Win32
		{58B2B53C-C4FF-47FD-817B-095E45B7F7D4}.Debug with Boost|Mixed Platforms.Build.0 = Debug|Win32
		{58B2B53C-C4FF-47FD-817B-095E45B7F7D4}.Debug with Boost|Win32.ActiveCfg = Debug|Win32
		{58B2B53C-C4FF-47FD-817B-095E45B7F7D4}.Debug with Boost|Win32.Build.0 = Debug|Win32
		{58B2B53C-C4FF-47FD-817B-095E45B7F7D4}.Debug with Boost|x64.ActiveCfg = Debug|x64
		{58B2B53C-C4FF-47FD-817B-095E45B7F7D4}.Debug with Boost|x64.Build.0 = Debug|x64
		{58B2B53C-C4FF-47FD-817B-095E45B7F7D4}.Debug|Any CPU.ActiveCfg = Debug|Win32
		{58B2B53C-C4FF-47FD-817B-095E45B7F7D4}.Debug|Mixed Platforms.ActiveCfg = Debug|Win32
		{58B2B53C-C4FF-47FD-817B-095E45B7F7D4}.Debug|Mixed Platforms.Build.0 = Debug|Win32
		{58B2B53C-C4FF-47FD-817B-095E45B7F7D4}.Debug|Win32.ActiveCfg = Debug|Win32
		{58B2B53C-C4FF-47FD-817B-095E45B7F7D4}.Debug|Win32.Build.0 = Debug|Win32
		{58B2B53C-C4FF-47FD-817B-095E45B7F7D4}.Debug|x64.ActiveCfg = Debug|x64
		{58B2B53C-C4FF-47FD-817B-095E45B7F7D4}.Debug|x64.Build.0 = Debug|x64
		{58B2B53C-C4FF-47FD-817B-095E45B7F7D4}.Release Library|Any CPU.ActiveCfg = Release|Win32
		{58B2B53C-C4FF-47FD-817B-095E45B7F7D4}.Release Library|Mixed Platforms.ActiveCfg = Release|Win32
		{58B2B53C-C4FF-47FD-817B-095E45B7F7D4}.Release Library|Mixed Platforms.Build.0 = Release|Win32
		{58B2B53C-C4FF-47FD-817B-095E45B7F7D4}.Release Library|Win32.ActiveCfg = Release|Win32
		{58B2B53C-C4FF-47FD-817B-095E45B7F7D4}.Release Library|Win32.Build.0 = Release|Win32
		{58B2B53C-C4FF-47FD-817B-095E45B7F7D4}.Release Library|x64.ActiveCfg = Release|x64
		{58B2B53C-C4FF-47FD-817B-095E45B7F7D4}.Release Library|x64.Build.0 = Release|x64
		{58B2B53C-C4FF-47FD-817B-095E45B7F7D4}.Release with Boost|Any CPU.ActiveCfg = Release|Win32
		{58B2B53C-C4FF-47FD-817B-095E45B7F7D4}.Release with Boost|Mixed Platforms.ActiveCfg = Release|Win32
		{58B2B53C-C4FF-47FD-817B-095E45B7F7D4}.Release with Boost|Mixed Platforms.Build.0 = Release|Win32
		{58B2B53C-C4FF-47FD-817B-095E45B7F7D4}.Release with Boost|Win32.ActiveCfg = Release|Win32
		{58B2B53C-C4FF-47FD-817B-095E45B7F7D4}.Release with Boost|Win32.Build.0 = Release|Win32
		{58B2B53C-C4FF-47FD-817B-095E45B7F7D4}.Release with Boost|x64.ActiveCfg = Release|x64
		{58B2B53C-C4FF-47FD-817B-095E45B7F7D4}.Release with Boost|x64.Build.0 = Release|x64
		{58B2B53C-C4FF-47FD-817B-095E45B7F7D4}.Release|Any CPU.ActiveCfg = Release|Win32
		{58B2B53C-C4FF-47FD-817B-095E45B7F7D4}.Release|Mixed Platforms.ActiveCfg = Release|Win32
		{58B2B53C-C4FF-47FD-817B-095E45B7F7D4}.Release|Mixed Platforms.Build.0 = Release|Win32
		{58B2B53C-C4FF-47FD-817B-095E45B7F7D4}.Release|Win32.ActiveCfg = Release|Win32
		{58B2B53C-C4FF-47FD-817B-095E45B7F7D4}.Release|Win32.Build.0 = Release|Win32
		{58B2B53C-C4FF-47FD-817B-095E45B7F7D4}.Release|x64.ActiveCfg = Release|x64
		{58B2B53C-C4FF-47FD-817B-095E45B7F7D4}.Release|x64.Build.0 = Release|x64
	EndGlobalSection
	GlobalSection(SolutionProperties) = preSolution
		HideSolutionNode = FALSE
	EndGlobalSection
EndGlobal
