<?xml version="1.0" encoding="utf-8"?>
<Project ToolsVersion="4.0" xmlns="http://schemas.microsoft.com/developer/msbuild/2003">
  <ItemGroup>
    <Filter Include="Файлы исходного кода">
      <UniqueIdentifier>{4FC737F1-C7A5-4376-A066-2A32D752A2FF}</UniqueIdentifier>
      <Extensions>cpp;c;cc;cxx;def;odl;idl;hpj;bat;asm;asmx</Extensions>
    </Filter>
    <Filter Include="Заголовочные файлы">
      <UniqueIdentifier>{93995380-89BD-4b04-88EB-625FBE52EBFB}</UniqueIdentifier>
      <Extensions>h;hpp;hxx;hm;inl;inc;xsd</Extensions>
    </Filter>
    <Filter Include="Файлы ресурсов">
      <UniqueIdentifier>{67DA6AB6-F800-4c08-8B7A-83BB121AAD01}</UniqueIdentifier>
      <Extensions>rc;ico;cur;bmp;dlg;rc2;rct;bin;rgs;gif;jpg;jpeg;jpe;resx;tiff;tif;png;wav;mfcribbon-ms</Extensions>
    </Filter>
    <Filter Include="Заголовочные файлы\renderer">
      <UniqueIdentifier>{e7c481ad-ad29-4545-bec2-cb7aed166853}</UniqueIdentifier>
    </Filter>
    <Filter Include="Файлы исходного кода\server">
      <UniqueIdentifier>{a621d1e6-c1b7-4e23-b2e5-b7a156122dd4}</UniqueIdentifier>
    </Filter>
    <Filter Include="Файлы исходного кода\server\eval">
      <UniqueIdentifier>{9ad0be63-18b0-4cb8-a555-466b2eff85be}</UniqueIdentifier>
    </Filter>
    <Filter Include="Файлы исходного кода\server\http">
      <UniqueIdentifier>{81fa196b-8c1d-48d0-9099-bb46098ef44e}</UniqueIdentifier>
    </Filter>
    <Filter Include="Файлы исходного кода\server\selectors">
      <UniqueIdentifier>{32b3a041-0c0d-4dd8-b82d-560e4225a60a}</UniqueIdentifier>
    </Filter>
    <Filter Include="Файлы исходного кода\server\renderer">
      <UniqueIdentifier>{f7f01487-2148-49d7-b854-8f4f7d2392ce}</UniqueIdentifier>
    </Filter>
    <Filter Include="Файлы исходного кода\server\parser">
      <UniqueIdentifier>{3ea2628f-a5cd-4ebc-b5e4-63b7c26419cb}</UniqueIdentifier>
    </Filter>
    <Filter Include="Файлы исходного кода\general">
      <UniqueIdentifier>{098cf000-6e4c-48cf-bc4a-dd52400d6d23}</UniqueIdentifier>
    </Filter>
    <Filter Include="Файлы исходного кода\utils">
      <UniqueIdentifier>{fece2ca4-95dc-4c71-a769-08e7da09b144}</UniqueIdentifier>
    </Filter>
    <Filter Include="Заголовочные файлы\utils">
      <UniqueIdentifier>{6a1d19fb-0a2e-4314-9882-c789773484f1}</UniqueIdentifier>
    </Filter>
  </ItemGroup>
  <ItemGroup>
    <ClCompile Include="..\..\src\alacarte_server.cpp">
      <Filter>Файлы исходного кода</Filter>
    </ClCompile>
    <ClCompile Include="..\..\src\server\eval\binary_operation_node.cpp">
      <Filter>Файлы исходного кода\server\eval</Filter>
    </ClCompile>
    <ClCompile Include="..\..\src\server\eval\eval.cpp">
      <Filter>Файлы исходного кода\server\eval</Filter>
    </ClCompile>
    <ClCompile Include="..\..\src\server\eval\eval_helpers.cpp">
      <Filter>Файлы исходного кода\server\eval</Filter>
    </ClCompile>
    <ClCompile Include="..\..\src\server\eval\function_operation_node.cpp">
      <Filter>Файлы исходного кода\server\eval</Filter>
    </ClCompile>
    <ClCompile Include="..\..\src\server\eval\stleaf.cpp">
      <Filter>Файлы исходного кода\server\eval</Filter>
    </ClCompile>
    <ClCompile Include="..\..\src\server\eval\unary_operation_node.cpp">
      <Filter>Файлы исходного кода\server\eval</Filter>
    </ClCompile>
    <ClCompile Include="..\..\src\utils\applications.cpp">
      <Filter>Файлы исходного кода\utils</Filter>
    </ClCompile>
    <ClCompile Include="..\..\src\server\selectors\apply_selector.cpp">
      <Filter>Файлы исходного кода\server\selectors</Filter>
    </ClCompile>
    <ClCompile Include="..\..\src\server\selectors\area_selector.cpp">
      <Filter>Файлы исходного кода\server\selectors</Filter>
    </ClCompile>
    <ClCompile Include="..\..\src\server\cache.cpp">
      <Filter>Файлы исходного кода\server</Filter>
    </ClCompile>
    <ClCompile Include="..\..\src\utils\cached_string.cpp">
      <Filter>Файлы исходного кода\utils</Filter>
    </ClCompile>
    <ClCompile Include="..\..\src\server\selectors\childnodes_selector.cpp">
      <Filter>Файлы исходного кода\server\selectors</Filter>
    </ClCompile>
    <ClCompile Include="..\..\src\server\selectors\childways_selector.cpp">
      <Filter>Файлы исходного кода\server\selectors</Filter>
    </ClCompile>
    <ClCompile Include="..\..\src\server\parser\color_grammar.cpp">
      <Filter>Файлы исходного кода\server\parser</Filter>
    </ClCompile>
    <ClCompile Include="..\..\src\utils\colorTable.cpp">
      <Filter>Файлы исходного кода\utils</Filter>
    </ClCompile>
    <ClCompile Include="..\..\src\server\parser\comment_skipper.cpp">
      <Filter>Файлы исходного кода\server\parser</Filter>
    </ClCompile>
    <ClCompile Include="..\..\src\server\parser\eval_grammar.cpp">
      <Filter>Файлы исходного кода\server\parser</Filter>
    </ClCompile>
    <ClCompile Include="..\..\src\general\geo_object.cpp">
      <Filter>Файлы исходного кода\general</Filter>
    </ClCompile>
    <ClCompile Include="..\..\src\server\http_server.cpp">
      <Filter>Файлы исходного кода\server</Filter>
    </ClCompile>
    <ClCompile Include="..\..\src\server\http_request.cpp">
      <Filter>Файлы исходного кода\server</Filter>
    </ClCompile>
    <ClCompile Include="..\..\src\server\job.cpp">
      <Filter>Файлы исходного кода\server</Filter>
    </ClCompile>
    <ClCompile Include="..\..\src\server\selectors\hasnottag_selector.cpp">
      <Filter>Файлы исходного кода\server\selectors</Filter>
    </ClCompile>
    <ClCompile Include="..\..\src\general\configuration.cpp">
      <Filter>Файлы исходного кода\general</Filter>
    </ClCompile>
    <ClCompile Include="..\..\src\general\geodata.cpp">
      <Filter>Файлы исходного кода\general</Filter>
    </ClCompile>
    <ClCompile Include="..\..\src\server\selectors\hastag_selector.cpp">
      <Filter>Файлы исходного кода\server\selectors</Filter>
    </ClCompile>
    <ClCompile Include="..\..\src\general\node.cpp">
      <Filter>Файлы исходного кода\general</Filter>
    </ClCompile>
    <ClCompile Include="..\..\src\server\meta_identifier.cpp">
      <Filter>Файлы исходного кода\server</Filter>
    </ClCompile>
    <ClCompile Include="..\..\src\server\parser\mapcss_parser.cpp">
      <Filter>Файлы исходного кода\server\parser</Filter>
    </ClCompile>
    <ClCompile Include="..\..\src\server\parser\mapcss_grammar.cpp">
      <Filter>Файлы исходного кода\server\parser</Filter>
    </ClCompile>
    <ClCompile Include="..\..\src\server\selectors\line_selector.cpp">
      <Filter>Файлы исходного кода\server\selectors</Filter>
    </ClCompile>
    <ClCompile Include="..\..\src\utils\random.cpp">
      <Filter>Файлы исходного кода\utils</Filter>
    </ClCompile>
    <ClCompile Include="..\..\src\server\renderer\way_renderer.cpp">
      <Filter>Файлы исходного кода\server\renderer</Filter>
    </ClCompile>
    <ClCompile Include="..\..\src\server\meta_tile.cpp">
      <Filter>Файлы исходного кода\server</Filter>
    </ClCompile>
    <ClCompile Include="..\..\src\general\way.cpp">
      <Filter>Файлы исходного кода\general</Filter>
    </ClCompile>
    <ClCompile Include="..\..\src\general\relation.cpp">
      <Filter>Файлы исходного кода\general</Filter>
    </ClCompile>
    <ClCompile Include="..\..\src\utils\precached_strings.cpp">
      <Filter>Файлы исходного кода\utils</Filter>
    </ClCompile>
    <ClCompile Include="..\..\src\utils\statistic.cpp">
      <Filter>Файлы исходного кода\utils</Filter>
    </ClCompile>
    <ClCompile Include="..\..\src\utils\time_win.cpp">
      <Filter>Файлы исходного кода\utils</Filter>
    </ClCompile>
    <ClCompile Include="..\..\src\utils\transform.cpp">
      <Filter>Файлы исходного кода\utils</Filter>
    </ClCompile>
    <ClCompile Include="..\..\src\server\http\request_parser.cpp">
      <Filter>Файлы исходного кода\server\http</Filter>
    </ClCompile>
    <ClCompile Include="..\..\src\server\parser\parser_logger.cpp">
      <Filter>Файлы исходного кода\server\parser</Filter>
    </ClCompile>
    <ClCompile Include="..\..\src\server\renderer\node_renderer.cpp">
      <Filter>Файлы исходного кода\server\renderer</Filter>
    </ClCompile>
    <ClCompile Include="..\..\src\server\renderer\object_renderer.cpp">
      <Filter>Файлы исходного кода\server\renderer</Filter>
    </ClCompile>
    <ClCompile Include="..\..\src\server\renderer\relation_renderer.cpp">
      <Filter>Файлы исходного кода\server\renderer</Filter>
    </ClCompile>
    <ClCompile Include="..\..\src\server\renderer\renderer.cpp">
      <Filter>Файлы исходного кода\server\renderer</Filter>
    </ClCompile>
    <ClCompile Include="..\..\src\server\selectors\tagequals_selector.cpp">
      <Filter>Файлы исходного кода\server\selectors</Filter>
    </ClCompile>
    <ClCompile Include="..\..\src\server\selectors\taglarger_selector.cpp">
      <Filter>Файлы исходного кода\server\selectors</Filter>
    </ClCompile>
    <ClCompile Include="..\..\src\server\selectors\taglargerequals_selector.cpp">
      <Filter>Файлы исходного кода\server\selectors</Filter>
    </ClCompile>
    <ClCompile Include="..\..\src\server\selectors\tagmatches_selector.cpp">
      <Filter>Файлы исходного кода\server\selectors</Filter>
    </ClCompile>
    <ClCompile Include="..\..\src\server\selectors\tagsmaller_selector.cpp">
      <Filter>Файлы исходного кода\server\selectors</Filter>
    </ClCompile>
    <ClCompile Include="..\..\src\server\selectors\tagsmallerequals_selector.cpp">
      <Filter>Файлы исходного кода\server\selectors</Filter>
    </ClCompile>
    <ClCompile Include="..\..\src\server\selectors\tagunequals_selector.cpp">
      <Filter>Файлы исходного кода\server\selectors</Filter>
    </ClCompile>
    <ClCompile Include="..\..\src\server\request_manager.cpp">
      <Filter>Файлы исходного кода\server</Filter>
    </ClCompile>
    <ClCompile Include="..\..\src\server\rule.cpp">
      <Filter>Файлы исходного кода\server</Filter>
    </ClCompile>
    <ClCompile Include="..\..\src\server\selectors\selector.cpp">
      <Filter>Файлы исходного кода\server\selectors</Filter>
    </ClCompile>
    <ClCompile Include="..\..\src\server\style.cpp">
      <Filter>Файлы исходного кода\server</Filter>
    </ClCompile>
    <ClCompile Include="..\..\src\server\tile_identifier.cpp">
      <Filter>Файлы исходного кода\server</Filter>
    </ClCompile>
    <ClCompile Include="..\..\src\server\style_template.cpp">
      <Filter>Файлы исходного кода\server</Filter>
    </ClCompile>
    <ClCompile Include="..\..\src\server\stylesheet.cpp">
      <Filter>Файлы исходного кода\server</Filter>
    </ClCompile>
    <ClCompile Include="..\..\src\server\stylesheet_manager.cpp">
      <Filter>Файлы исходного кода\server</Filter>
    </ClCompile>
    <ClCompile Include="..\..\src\server\tile.cpp">
      <Filter>Файлы исходного кода\server</Filter>
    </ClCompile>
  </ItemGroup>
  <ItemGroup>
    <ClInclude Include="..\..\include\utils\time_win.hpp">
      <Filter>Заголовочные файлы\utils</Filter>
    </ClInclude>
    <ClInclude Include="..\..\src\server\renderer\relation_renderer.hpp">
      <Filter>Заголовочные файлы\renderer</Filter>
    </ClInclude>
    <ClInclude Include="..\..\src\server\renderer\object_renderer.hpp">
      <Filter>Заголовочные файлы\renderer</Filter>
    </ClInclude>
    <ClInclude Include="..\..\src\server\renderer\node_renderer.hpp">
      <Filter>Заголовочные файлы\renderer</Filter>
    </ClInclude>
    <ClInclude Include="..\..\src\server\renderer\way_renderer.hpp">
      <Filter>Заголовочные файлы\utils</Filter>
    </ClInclude>
  </ItemGroup>
</Project>